// !$*UTF8*$!
{
	archiveVersion = 1;
	classes = {
	};
	objectVersion = 46;
	objects = {

/* Begin PBXBuildFile section */
		1909ABB218EB14B900F5A200 /* Foundation.framework in Frameworks */ = {isa = PBXBuildFile; fileRef = 1909ABB118EB14B900F5A200 /* Foundation.framework */; };
		1909ABB418EB14B900F5A200 /* CoreGraphics.framework in Frameworks */ = {isa = PBXBuildFile; fileRef = 1909ABB318EB14B900F5A200 /* CoreGraphics.framework */; };
		1909ABB618EB14B900F5A200 /* UIKit.framework in Frameworks */ = {isa = PBXBuildFile; fileRef = 1909ABB518EB14B900F5A200 /* UIKit.framework */; };
		1909ABBC18EB14BA00F5A200 /* InfoPlist.strings in Resources */ = {isa = PBXBuildFile; fileRef = 1909ABBA18EB14BA00F5A200 /* InfoPlist.strings */; };
		1909ABBE18EB14BA00F5A200 /* main.m in Sources */ = {isa = PBXBuildFile; fileRef = 1909ABBD18EB14BA00F5A200 /* main.m */; };
		1909ABC218EB14BA00F5A200 /* TPYAppDelegate.m in Sources */ = {isa = PBXBuildFile; fileRef = 1909ABC118EB14BA00F5A200 /* TPYAppDelegate.m */; };
		1909ABC518EB14BB00F5A200 /* Main.storyboard in Resources */ = {isa = PBXBuildFile; fileRef = 1909ABC318EB14BB00F5A200 /* Main.storyboard */; };
		1909ABC818EB14BB00F5A200 /* TPYViewController.m in Sources */ = {isa = PBXBuildFile; fileRef = 1909ABC718EB14BB00F5A200 /* TPYViewController.m */; };
		1909ABCA18EB14BB00F5A200 /* Images.xcassets in Resources */ = {isa = PBXBuildFile; fileRef = 1909ABC918EB14BB00F5A200 /* Images.xcassets */; };
		1909ABD118EB14BC00F5A200 /* XCTest.framework in Frameworks */ = {isa = PBXBuildFile; fileRef = 1909ABD018EB14BC00F5A200 /* XCTest.framework */; };
		1909ABD218EB14BC00F5A200 /* Foundation.framework in Frameworks */ = {isa = PBXBuildFile; fileRef = 1909ABB118EB14B900F5A200 /* Foundation.framework */; };
		1909ABD318EB14BC00F5A200 /* UIKit.framework in Frameworks */ = {isa = PBXBuildFile; fileRef = 1909ABB518EB14B900F5A200 /* UIKit.framework */; };
		1909ABDB18EB14BC00F5A200 /* InfoPlist.strings in Resources */ = {isa = PBXBuildFile; fileRef = 1909ABD918EB14BC00F5A200 /* InfoPlist.strings */; };
		1909ABDD18EB14BC00F5A200 /* RACSampleTests.m in Sources */ = {isa = PBXBuildFile; fileRef = 1909ABDC18EB14BC00F5A200 /* RACSampleTests.m */; };
/* End PBXBuildFile section */

/* Begin PBXContainerItemProxy section */
		1909ABD418EB14BC00F5A200 /* PBXContainerItemProxy */ = {
			isa = PBXContainerItemProxy;
			containerPortal = 1909ABA618EB14B900F5A200 /* Project object */;
			proxyType = 1;
			remoteGlobalIDString = 1909ABAD18EB14B900F5A200;
			remoteInfo = RACSample;
		};
/* End PBXContainerItemProxy section */

/* Begin PBXFileReference section */
		1909ABAE18EB14B900F5A200 /* RACSample.app */ = {isa = PBXFileReference; explicitFileType = wrapper.application; includeInIndex = 0; path = RACSample.app; sourceTree = BUILT_PRODUCTS_DIR; };
		1909ABB118EB14B900F5A200 /* Foundation.framework */ = {isa = PBXFileReference; lastKnownFileType = wrapper.framework; name = Foundation.framework; path = System/Library/Frameworks/Foundation.framework; sourceTree = SDKROOT; };
		1909ABB318EB14B900F5A200 /* CoreGraphics.framework */ = {isa = PBXFileReference; lastKnownFileType = wrapper.framework; name = CoreGraphics.framework; path = System/Library/Frameworks/CoreGraphics.framework; sourceTree = SDKROOT; };
		1909ABB518EB14B900F5A200 /* UIKit.framework */ = {isa = PBXFileReference; lastKnownFileType = wrapper.framework; name = UIKit.framework; path = System/Library/Frameworks/UIKit.framework; sourceTree = SDKROOT; };
		1909ABB918EB14BA00F5A200 /* RACSample-Info.plist */ = {isa = PBXFileReference; lastKnownFileType = text.plist.xml; path = "RACSample-Info.plist"; sourceTree = "<group>"; };
		1909ABBB18EB14BA00F5A200 /* en */ = {isa = PBXFileReference; lastKnownFileType = text.plist.strings; name = en; path = en.lproj/InfoPlist.strings; sourceTree = "<group>"; };
		1909ABBD18EB14BA00F5A200 /* main.m */ = {isa = PBXFileReference; lastKnownFileType = sourcecode.c.objc; path = main.m; sourceTree = "<group>"; };
		1909ABBF18EB14BA00F5A200 /* RACSample-Prefix.pch */ = {isa = PBXFileReference; lastKnownFileType = sourcecode.c.h; path = "RACSample-Prefix.pch"; sourceTree = "<group>"; };
		1909ABC018EB14BA00F5A200 /* TPYAppDelegate.h */ = {isa = PBXFileReference; lastKnownFileType = sourcecode.c.h; path = TPYAppDelegate.h; sourceTree = "<group>"; };
		1909ABC118EB14BA00F5A200 /* TPYAppDelegate.m */ = {isa = PBXFileReference; lastKnownFileType = sourcecode.c.objc; path = TPYAppDelegate.m; sourceTree = "<group>"; };
		1909ABC418EB14BB00F5A200 /* Base */ = {isa = PBXFileReference; lastKnownFileType = file.storyboard; name = Base; path = Base.lproj/Main.storyboard; sourceTree = "<group>"; };
		1909ABC618EB14BB00F5A200 /* TPYViewController.h */ = {isa = PBXFileReference; lastKnownFileType = sourcecode.c.h; path = TPYViewController.h; sourceTree = "<group>"; };
		1909ABC718EB14BB00F5A200 /* TPYViewController.m */ = {isa = PBXFileReference; lastKnownFileType = sourcecode.c.objc; path = TPYViewController.m; sourceTree = "<group>"; };
		1909ABC918EB14BB00F5A200 /* Images.xcassets */ = {isa = PBXFileReference; lastKnownFileType = folder.assetcatalog; path = Images.xcassets; sourceTree = "<group>"; };
		1909ABCF18EB14BC00F5A200 /* RACSampleTests.xctest */ = {isa = PBXFileReference; explicitFileType = wrapper.cfbundle; includeInIndex = 0; path = RACSampleTests.xctest; sourceTree = BUILT_PRODUCTS_DIR; };
		1909ABD018EB14BC00F5A200 /* XCTest.framework */ = {isa = PBXFileReference; lastKnownFileType = wrapper.framework; name = XCTest.framework; path = Library/Frameworks/XCTest.framework; sourceTree = DEVELOPER_DIR; };
		1909ABD818EB14BC00F5A200 /* RACSampleTests-Info.plist */ = {isa = PBXFileReference; lastKnownFileType = text.plist.xml; path = "RACSampleTests-Info.plist"; sourceTree = "<group>"; };
		1909ABDA18EB14BC00F5A200 /* en */ = {isa = PBXFileReference; lastKnownFileType = text.plist.strings; name = en; path = en.lproj/InfoPlist.strings; sourceTree = "<group>"; };
		1909ABDC18EB14BC00F5A200 /* RACSampleTests.m */ = {isa = PBXFileReference; lastKnownFileType = sourcecode.c.objc; path = RACSampleTests.m; sourceTree = "<group>"; };
/* End PBXFileReference section */

/* Begin PBXFrameworksBuildPhase section */
		1909ABAB18EB14B900F5A200 /* Frameworks */ = {
			isa = PBXFrameworksBuildPhase;
			buildActionMask = 2147483647;
			files = (
				1909ABB418EB14B900F5A200 /* CoreGraphics.framework in Frameworks */,
				1909ABB618EB14B900F5A200 /* UIKit.framework in Frameworks */,
				1909ABB218EB14B900F5A200 /* Foundation.framework in Frameworks */,
			);
			runOnlyForDeploymentPostprocessing = 0;
		};
		1909ABCC18EB14BC00F5A200 /* Frameworks */ = {
			isa = PBXFrameworksBuildPhase;
			buildActionMask = 2147483647;
			files = (
				1909ABD118EB14BC00F5A200 /* XCTest.framework in Frameworks */,
				1909ABD318EB14BC00F5A200 /* UIKit.framework in Frameworks */,
				1909ABD218EB14BC00F5A200 /* Foundation.framework in Frameworks */,
			);
			runOnlyForDeploymentPostprocessing = 0;
		};
/* End PBXFrameworksBuildPhase section */

/* Begin PBXGroup section */
		1909ABA518EB14B900F5A200 = {
			isa = PBXGroup;
			children = (
				1909ABB718EB14B900F5A200 /* RACSample */,
				1909ABD618EB14BC00F5A200 /* RACSampleTests */,
				1909ABB018EB14B900F5A200 /* Frameworks */,
				1909ABAF18EB14B900F5A200 /* Products */,
			);
			sourceTree = "<group>";
		};
		1909ABAF18EB14B900F5A200 /* Products */ = {
			isa = PBXGroup;
			children = (
				1909ABAE18EB14B900F5A200 /* RACSample.app */,
				1909ABCF18EB14BC00F5A200 /* RACSampleTests.xctest */,
			);
			name = Products;
			sourceTree = "<group>";
		};
		1909ABB018EB14B900F5A200 /* Frameworks */ = {
			isa = PBXGroup;
			children = (
				1909ABB118EB14B900F5A200 /* Foundation.framework */,
				1909ABB318EB14B900F5A200 /* CoreGraphics.framework */,
				1909ABB518EB14B900F5A200 /* UIKit.framework */,
				1909ABD018EB14BC00F5A200 /* XCTest.framework */,
			);
			name = Frameworks;
			sourceTree = "<group>";
		};
		1909ABB718EB14B900F5A200 /* RACSample */ = {
			isa = PBXGroup;
			children = (
				1909ABC018EB14BA00F5A200 /* TPYAppDelegate.h */,
				1909ABC118EB14BA00F5A200 /* TPYAppDelegate.m */,
				1909ABC318EB14BB00F5A200 /* Main.storyboard */,
				1909ABC618EB14BB00F5A200 /* TPYViewController.h */,
				1909ABC718EB14BB00F5A200 /* TPYViewController.m */,
				1909ABC918EB14BB00F5A200 /* Images.xcassets */,
				1909ABB818EB14BA00F5A200 /* Supporting Files */,
			);
			path = RACSample;
			sourceTree = "<group>";
		};
		1909ABB818EB14BA00F5A200 /* Supporting Files */ = {
			isa = PBXGroup;
			children = (
				1909ABB918EB14BA00F5A200 /* RACSample-Info.plist */,
				1909ABBA18EB14BA00F5A200 /* InfoPlist.strings */,
				1909ABBD18EB14BA00F5A200 /* main.m */,
				1909ABBF18EB14BA00F5A200 /* RACSample-Prefix.pch */,
			);
			name = "Supporting Files";
			sourceTree = "<group>";
		};
		1909ABD618EB14BC00F5A200 /* RACSampleTests */ = {
			isa = PBXGroup;
			children = (
				1909ABDC18EB14BC00F5A200 /* RACSampleTests.m */,
				1909ABD718EB14BC00F5A200 /* Supporting Files */,
			);
			path = RACSampleTests;
			sourceTree = "<group>";
		};
		1909ABD718EB14BC00F5A200 /* Supporting Files */ = {
			isa = PBXGroup;
			children = (
				1909ABD818EB14BC00F5A200 /* RACSampleTests-Info.plist */,
				1909ABD918EB14BC00F5A200 /* InfoPlist.strings */,
			);
			name = "Supporting Files";
			sourceTree = "<group>";
		};
/* End PBXGroup section */

/* Begin PBXNativeTarget section */
		1909ABAD18EB14B900F5A200 /* RACSample */ = {
			isa = PBXNativeTarget;
			buildConfigurationList = 1909ABE018EB14BD00F5A200 /* Build configuration list for PBXNativeTarget "RACSample" */;
			buildPhases = (
				1909ABAA18EB14B900F5A200 /* Sources */,
				1909ABAB18EB14B900F5A200 /* Frameworks */,
				1909ABAC18EB14B900F5A200 /* Resources */,
			);
			buildRules = (
			);
			dependencies = (
			);
			name = RACSample;
			productName = RACSample;
			productReference = 1909ABAE18EB14B900F5A200 /* RACSample.app */;
			productType = "com.apple.product-type.application";
		};
		1909ABCE18EB14BC00F5A200 /* RACSampleTests */ = {
			isa = PBXNativeTarget;
			buildConfigurationList = 1909ABE318EB14BD00F5A200 /* Build configuration list for PBXNativeTarget "RACSampleTests" */;
			buildPhases = (
				1909ABCB18EB14BC00F5A200 /* Sources */,
				1909ABCC18EB14BC00F5A200 /* Frameworks */,
				1909ABCD18EB14BC00F5A200 /* Resources */,
			);
			buildRules = (
			);
			dependencies = (
				1909ABD518EB14BC00F5A200 /* PBXTargetDependency */,
			);
			name = RACSampleTests;
			productName = RACSampleTests;
			productReference = 1909ABCF18EB14BC00F5A200 /* RACSampleTests.xctest */;
			productType = "com.apple.product-type.bundle.unit-test";
		};
/* End PBXNativeTarget section */

/* Begin PBXProject section */
		1909ABA618EB14B900F5A200 /* Project object */ = {
			isa = PBXProject;
			attributes = {
				CLASSPREFIX = TPY;
				LastUpgradeCheck = 0510;
				ORGANIZATIONNAME = tinpay;
				TargetAttributes = {
					1909ABCE18EB14BC00F5A200 = {
						TestTargetID = 1909ABAD18EB14B900F5A200;
					};
				};
			};
			buildConfigurationList = 1909ABA918EB14B900F5A200 /* Build configuration list for PBXProject "RACSample" */;
			compatibilityVersion = "Xcode 3.2";
			developmentRegion = English;
			hasScannedForEncodings = 0;
			knownRegions = (
				en,
				Base,
			);
			mainGroup = 1909ABA518EB14B900F5A200;
			productRefGroup = 1909ABAF18EB14B900F5A200 /* Products */;
			projectDirPath = "";
			projectRoot = "";
			targets = (
				1909ABAD18EB14B900F5A200 /* RACSample */,
				1909ABCE18EB14BC00F5A200 /* RACSampleTests */,
			);
		};
/* End PBXProject section */

/* Begin PBXResourcesBuildPhase section */
		1909ABAC18EB14B900F5A200 /* Resources */ = {
			isa = PBXResourcesBuildPhase;
			buildActionMask = 2147483647;
			files = (
				1909ABCA18EB14BB00F5A200 /* Images.xcassets in Resources */,
				1909ABBC18EB14BA00F5A200 /* InfoPlist.strings in Resources */,
				1909ABC518EB14BB00F5A200 /* Main.storyboard in Resources */,
			);
			runOnlyForDeploymentPostprocessing = 0;
		};
		1909ABCD18EB14BC00F5A200 /* Resources */ = {
			isa = PBXResourcesBuildPhase;
			buildActionMask = 2147483647;
			files = (
				1909ABDB18EB14BC00F5A200 /* InfoPlist.strings in Resources */,
			);
			runOnlyForDeploymentPostprocessing = 0;
		};
/* End PBXResourcesBuildPhase section */

/* Begin PBXSourcesBuildPhase section */
		1909ABAA18EB14B900F5A200 /* Sources */ = {
			isa = PBXSourcesBuildPhase;
			buildActionMask = 2147483647;
			files = (
				1909ABC218EB14BA00F5A200 /* TPYAppDelegate.m in Sources */,
				1909ABBE18EB14BA00F5A200 /* main.m in Sources */,
				1909ABC818EB14BB00F5A200 /* TPYViewController.m in Sources */,
			);
			runOnlyForDeploymentPostprocessing = 0;
		};
		1909ABCB18EB14BC00F5A200 /* Sources */ = {
			isa = PBXSourcesBuildPhase;
			buildActionMask = 2147483647;
			files = (
				1909ABDD18EB14BC00F5A200 /* RACSampleTests.m in Sources */,
			);
			runOnlyForDeploymentPostprocessing = 0;
		};
/* End PBXSourcesBuildPhase section */

/* Begin PBXTargetDependency section */
		1909ABD518EB14BC00F5A200 /* PBXTargetDependency */ = {
			isa = PBXTargetDependency;
			target = 1909ABAD18EB14B900F5A200 /* RACSample */;
			targetProxy = 1909ABD418EB14BC00F5A200 /* PBXContainerItemProxy */;
		};
/* End PBXTargetDependency section */

/* Begin PBXVariantGroup section */
		1909ABBA18EB14BA00F5A200 /* InfoPlist.strings */ = {
			isa = PBXVariantGroup;
			children = (
				1909ABBB18EB14BA00F5A200 /* en */,
			);
			name = InfoPlist.strings;
			sourceTree = "<group>";
		};
		1909ABC318EB14BB00F5A200 /* Main.storyboard */ = {
			isa = PBXVariantGroup;
			children = (
				1909ABC418EB14BB00F5A200 /* Base */,
			);
			name = Main.storyboard;
			sourceTree = "<group>";
		};
		1909ABD918EB14BC00F5A200 /* InfoPlist.strings */ = {
			isa = PBXVariantGroup;
			children = (
				1909ABDA18EB14BC00F5A200 /* en */,
			);
			name = InfoPlist.strings;
			sourceTree = "<group>";
		};
/* End PBXVariantGroup section */

/* Begin XCBuildConfiguration section */
		1909ABDE18EB14BD00F5A200 /* Debug */ = {
			isa = XCBuildConfiguration;
			buildSettings = {
				ALWAYS_SEARCH_USER_PATHS = NO;
				CLANG_CXX_LANGUAGE_STANDARD = "gnu++0x";
				CLANG_CXX_LIBRARY = "libc++";
				CLANG_ENABLE_MODULES = YES;
				CLANG_ENABLE_OBJC_ARC = YES;
				CLANG_WARN_BOOL_CONVERSION = YES;
				CLANG_WARN_CONSTANT_CONVERSION = YES;
				CLANG_WARN_DIRECT_OBJC_ISA_USAGE = YES_ERROR;
				CLANG_WARN_EMPTY_BODY = YES;
				CLANG_WARN_ENUM_CONVERSION = YES;
				CLANG_WARN_INT_CONVERSION = YES;
				CLANG_WARN_OBJC_ROOT_CLASS = YES_ERROR;
				CLANG_WARN__DUPLICATE_METHOD_MATCH = YES;
				"CODE_SIGN_IDENTITY[sdk=iphoneos*]" = "iPhone Developer";
				COPY_PHASE_STRIP = NO;
				GCC_C_LANGUAGE_STANDARD = gnu99;
				GCC_DYNAMIC_NO_PIC = NO;
				GCC_OPTIMIZATION_LEVEL = 0;
				GCC_PREPROCESSOR_DEFINITIONS = (
					"DEBUG=1",
					"$(inherited)",
				);
				GCC_SYMBOLS_PRIVATE_EXTERN = NO;
				GCC_WARN_64_TO_32_BIT_CONVERSION = YES;
				GCC_WARN_ABOUT_RETURN_TYPE = YES_ERROR;
				GCC_WARN_UNDECLARED_SELECTOR = YES;
				GCC_WARN_UNINITIALIZED_AUTOS = YES_AGGRESSIVE;
				GCC_WARN_UNUSED_FUNCTION = YES;
				GCC_WARN_UNUSED_VARIABLE = YES;
				IPHONEOS_DEPLOYMENT_TARGET = 7.1;
				ONLY_ACTIVE_ARCH = YES;
				SDKROOT = iphoneos;
			};
			name = Debug;
		};
		1909ABDF18EB14BD00F5A200 /* Release */ = {
			isa = XCBuildConfiguration;
			buildSettings = {
				ALWAYS_SEARCH_USER_PATHS = NO;
				CLANG_CXX_LANGUAGE_STANDARD = "gnu++0x";
				CLANG_CXX_LIBRARY = "libc++";
				CLANG_ENABLE_MODULES = YES;
				CLANG_ENABLE_OBJC_ARC = YES;
				CLANG_WARN_BOOL_CONVERSION = YES;
				CLANG_WARN_CONSTANT_CONVERSION = YES;
				CLANG_WARN_DIRECT_OBJC_ISA_USAGE = YES_ERROR;
				CLANG_WARN_EMPTY_BODY = YES;
				CLANG_WARN_ENUM_CONVERSION = YES;
				CLANG_WARN_INT_CONVERSION = YES;
				CLANG_WARN_OBJC_ROOT_CLASS = YES_ERROR;
				CLANG_WARN__DUPLICATE_METHOD_MATCH = YES;
				"CODE_SIGN_IDENTITY[sdk=iphoneos*]" = "iPhone Developer";
				COPY_PHASE_STRIP = YES;
				ENABLE_NS_ASSERTIONS = NO;
				GCC_C_LANGUAGE_STANDARD = gnu99;
				GCC_WARN_64_TO_32_BIT_CONVERSION = YES;
				GCC_WARN_ABOUT_RETURN_TYPE = YES_ERROR;
				GCC_WARN_UNDECLARED_SELECTOR = YES;
				GCC_WARN_UNINITIALIZED_AUTOS = YES_AGGRESSIVE;
				GCC_WARN_UNUSED_FUNCTION = YES;
				GCC_WARN_UNUSED_VARIABLE = YES;
				IPHONEOS_DEPLOYMENT_TARGET = 7.1;
				SDKROOT = iphoneos;
				VALIDATE_PRODUCT = YES;
			};
			name = Release;
		};
		1909ABE118EB14BD00F5A200 /* Debug */ = {
			isa = XCBuildConfiguration;
			buildSettings = {
				ASSETCATALOG_COMPILER_APPICON_NAME = AppIcon;
				ASSETCATALOG_COMPILER_LAUNCHIMAGE_NAME = LaunchImage;
				GCC_PRECOMPILE_PREFIX_HEADER = YES;
				GCC_PREFIX_HEADER = "RACSample/RACSample-Prefix.pch";
				INFOPLIST_FILE = "RACSample/RACSample-Info.plist";
				PRODUCT_NAME = "$(TARGET_NAME)";
				WRAPPER_EXTENSION = app;
			};
			name = Debug;
		};
		1909ABE218EB14BD00F5A200 /* Release */ = {
			isa = XCBuildConfiguration;
			buildSettings = {
				ASSETCATALOG_COMPILER_APPICON_NAME = AppIcon;
				ASSETCATALOG_COMPILER_LAUNCHIMAGE_NAME = LaunchImage;
				GCC_PRECOMPILE_PREFIX_HEADER = YES;
				GCC_PREFIX_HEADER = "RACSample/RACSample-Prefix.pch";
				INFOPLIST_FILE = "RACSample/RACSample-Info.plist";
				PRODUCT_NAME = "$(TARGET_NAME)";
				WRAPPER_EXTENSION = app;
			};
			name = Release;
		};
		1909ABE418EB14BD00F5A200 /* Debug */ = {
			isa = XCBuildConfiguration;
			buildSettings = {
				BUNDLE_LOADER = "$(BUILT_PRODUCTS_DIR)/RACSample.app/RACSample";
				FRAMEWORK_SEARCH_PATHS = (
					"$(SDKROOT)/Developer/Library/Frameworks",
					"$(inherited)",
					"$(DEVELOPER_FRAMEWORKS_DIR)",
				);
				GCC_PRECOMPILE_PREFIX_HEADER = YES;
				GCC_PREFIX_HEADER = "RACSample/RACSample-Prefix.pch";
				GCC_PREPROCESSOR_DEFINITIONS = (
					"DEBUG=1",
					"$(inherited)",
				);
				INFOPLIST_FILE = "RACSampleTests/RACSampleTests-Info.plist";
				PRODUCT_NAME = "$(TARGET_NAME)";
				TEST_HOST = "$(BUNDLE_LOADER)";
				WRAPPER_EXTENSION = xctest;
			};
			name = Debug;
		};
		1909ABE518EB14BD00F5A200 /* Release */ = {
			isa = XCBuildConfiguration;
			buildSettings = {
				BUNDLE_LOADER = "$(BUILT_PRODUCTS_DIR)/RACSample.app/RACSample";
				FRAMEWORK_SEARCH_PATHS = (
					"$(SDKROOT)/Developer/Library/Frameworks",
					"$(inherited)",
					"$(DEVELOPER_FRAMEWORKS_DIR)",
				);
				GCC_PRECOMPILE_PREFIX_HEADER = YES;
				GCC_PREFIX_HEADER = "RACSample/RACSample-Prefix.pch";
				INFOPLIST_FILE = "RACSampleTests/RACSampleTests-Info.plist";
				PRODUCT_NAME = "$(TARGET_NAME)";
				TEST_HOST = "$(BUNDLE_LOADER)";
				WRAPPER_EXTENSION = xctest;
			};
			name = Release;
		};
/* End XCBuildConfiguration section */

/* Begin XCConfigurationList section */
		1909ABA918EB14B900F5A200 /* Build configuration list for PBXProject "RACSample" */ = {
			isa = XCConfigurationList;
			buildConfigurations = (
				1909ABDE18EB14BD00F5A200 /* Debug */,
				1909ABDF18EB14BD00F5A200 /* Release */,
			);
			defaultConfigurationIsVisible = 0;
			defaultConfigurationName = Release;
		};
		1909ABE018EB14BD00F5A200 /* Build configuration list for PBXNativeTarget "RACSample" */ = {
			isa = XCConfigurationList;
			buildConfigurations = (
				1909ABE118EB14BD00F5A200 /* Debug */,
				1909ABE218EB14BD00F5A200 /* Release */,
			);
			defaultConfigurationIsVisible = 0;
		};
		1909ABE318EB14BD00F5A200 /* Build configuration list for PBXNativeTarget "RACSampleTests" */ = {
			isa = XCConfigurationList;
			buildConfigurations = (
				1909ABE418EB14BD00F5A200 /* Debug */,
				1909ABE518EB14BD00F5A200 /* Release */,
			);
			defaultConfigurationIsVisible = 0;
		};
/* End XCConfigurationList section */
	};
	rootObject = 1909ABA618EB14B900F5A200 /* Project object */;
}
